// !$*UTF8*$!
{
	archiveVersion = 1;
	classes = {
	};
	objectVersion = 77;
	objects = {

/* Begin PBXContainerItemProxy section */
		1FB092502E27BF3A00FD6A8A /* PBXContainerItemProxy */ = {
			isa = PBXContainerItemProxy;
			containerPortal = 1FB092372E27BF3900FD6A8A /* Project object */;
			proxyType = 1;
			remoteGlobalIDString = 1FB0923E2E27BF3900FD6A8A;
			remoteInfo = TheekKaro;
		};
		1FB0925A2E27BF3A00FD6A8A /* PBXContainerItemProxy */ = {
			isa = PBXContainerItemProxy;
			containerPortal = 1FB092372E27BF3900FD6A8A /* Project object */;
			proxyType = 1;
			remoteGlobalIDString = 1FB0923E2E27BF3900FD6A8A;
			remoteInfo = TheekKaro;
		};
/* End PBXContainerItemProxy section */

/* Begin PBXFileReference section */
		1FB0923F2E27BF3900FD6A8A /* TheekKaro.app */ = {isa = PBXFileReference; explicitFileType = wrapper.application; includeInIndex = 0; path = TheekKaro.app; sourceTree = BUILT_PRODUCTS_DIR; };
		1FB0924F2E27BF3A00FD6A8A /* TheekKaroTests.xctest */ = {isa = PBXFileReference; explicitFileType = wrapper.cfbundle; includeInIndex = 0; path = TheekKaroTests.xctest; sourceTree = BUILT_PRODUCTS_DIR; };
		1FB092592E27BF3A00FD6A8A /* TheekKaroUITests.xctest */ = {isa = PBXFileReference; explicitFileType = wrapper.cfbundle; includeInIndex = 0; path = TheekKaroUITests.xctest; sourceTree = BUILT_PRODUCTS_DIR; };
/* End PBXFileReference section */

/* Begin PBXFileSystemSynchronizedRootGroup section */
		1FB092412E27BF3900FD6A8A /* TheekKaro */ = {
			isa = PBXFileSystemSynchronizedRootGroup;
			path = TheekKaro;
			sourceTree = "<group>";
		};
		1FB092522E27BF3A00FD6A8A /* TheekKaroTests */ = {
			isa = PBXFileSystemSynchronizedRootGroup;
			path = TheekKaroTests;
			sourceTree = "<group>";
		};
		1FB0925C2E27BF3A00FD6A8A /* TheekKaroUITests */ = {
			isa = PBXFileSystemSynchronizedRootGroup;
			path = TheekKaroUITests;
			sourceTree = "<group>";
		};
/* End PBXFileSystemSynchronizedRootGroup section */

/* Begin PBXFrameworksBuildPhase section */
		1FB0923C2E27BF3900FD6A8A /* Frameworks */ = {
			isa = PBXFrameworksBuildPhase;
			buildActionMask = 2147483647;
			files = (
			);
			runOnlyForDeploymentPostprocessing = 0;
		};
		1FB0924C2E27BF3A00FD6A8A /* Frameworks */ = {
			isa = PBXFrameworksBuildPhase;
			buildActionMask = 2147483647;
			files = (
			);
			runOnlyForDeploymentPostprocessing = 0;
		};
		1FB092562E27BF3A00FD6A8A /* Frameworks */ = {
			isa = PBXFrameworksBuildPhase;
			buildActionMask = 2147483647;
			files = (
			);
			runOnlyForDeploymentPostprocessing = 0;
		};
/* End PBXFrameworksBuildPhase section */

/* Begin PBXGroup section */
		1FB092362E27BF3900FD6A8A = {
			isa = PBXGroup;
			children = (
				1FB092412E27BF3900FD6A8A /* TheekKaro */,
				1FB092522E27BF3A00FD6A8A /* TheekKaroTests */,
				1FB0925C2E27BF3A00FD6A8A /* TheekKaroUITests */,
				1FB092402E27BF3900FD6A8A /* Products */,
			);
			sourceTree = "<group>";
		};
		1FB092402E27BF3900FD6A8A /* Products */ = {
			isa = PBXGroup;
			children = (
				1FB0923F2E27BF3900FD6A8A /* TheekKaro.app */,
				1FB0924F2E27BF3A00FD6A8A /* TheekKaroTests.xctest */,
				1FB092592E27BF3A00FD6A8A /* TheekKaroUITests.xctest */,
			);
			name = Products;
			sourceTree = "<group>";
		};
/* End PBXGroup section */

/* Begin PBXNativeTarget section */
		1FB0923E2E27BF3900FD6A8A /* TheekKaro */ = {
			isa = PBXNativeTarget;
			buildConfigurationList = 1FB092632E27BF3A00FD6A8A /* Build configuration list for PBXNativeTarget "TheekKaro" */;
			buildPhases = (
				1FB0923B2E27BF3900FD6A8A /* Sources */,
				1FB0923C2E27BF3900FD6A8A /* Frameworks */,
				1FB0923D2E27BF3900FD6A8A /* Resources */,
			);
			buildRules = (
			);
			dependencies = (
			);
			fileSystemSynchronizedGroups = (
				1FB092412E27BF3900FD6A8A /* TheekKaro */,
			);
			name = TheekKaro;
			packageProductDependencies = (
			);
			productName = TheekKaro;
			productReference = 1FB0923F2E27BF3900FD6A8A /* TheekKaro.app */;
			productType = "com.apple.product-type.application";
		};
		1FB0924E2E27BF3A00FD6A8A /* TheekKaroTests */ = {
			isa = PBXNativeTarget;
			buildConfigurationList = 1FB092662E27BF3A00FD6A8A /* Build configuration list for PBXNativeTarget "TheekKaroTests" */;
			buildPhases = (
				1FB0924B2E27BF3A00FD6A8A /* Sources */,
				1FB0924C2E27BF3A00FD6A8A /* Frameworks */,
				1FB0924D2E27BF3A00FD6A8A /* Resources */,
			);
			buildRules = (
			);
			dependencies = (
				1FB092512E27BF3A00FD6A8A /* PBXTargetDependency */,
			);
			fileSystemSynchronizedGroups = (
				1FB092522E27BF3A00FD6A8A /* TheekKaroTests */,
			);
			name = TheekKaroTests;
			packageProductDependencies = (
			);
			productName = TheekKaroTests;
			productReference = 1FB0924F2E27BF3A00FD6A8A /* TheekKaroTests.xctest */;
			productType = "com.apple.product-type.bundle.unit-test";
		};
		1FB092582E27BF3A00FD6A8A /* TheekKaroUITests */ = {
			isa = PBXNativeTarget;
			buildConfigurationList = 1FB092692E27BF3A00FD6A8A /* Build configuration list for PBXNativeTarget "TheekKaroUITests" */;
			buildPhases = (
				1FB092552E27BF3A00FD6A8A /* Sources */,
				1FB092562E27BF3A00FD6A8A /* Frameworks */,
				1FB092572E27BF3A00FD6A8A /* Resources */,
			);
			buildRules = (
			);
			dependencies = (
				1FB0925B2E27BF3A00FD6A8A /* PBXTargetDependency */,
			);
			fileSystemSynchronizedGroups = (
				1FB0925C2E27BF3A00FD6A8A /* TheekKaroUITests */,
			);
			name = TheekKaroUITests;
			packageProductDependencies = (
			);
			productName = TheekKaroUITests;
			productReference = 1FB092592E27BF3A00FD6A8A /* TheekKaroUITests.xctest */;
			productType = "com.apple.product-type.bundle.ui-testing";
		};
/* End PBXNativeTarget section */

/* Begin PBXProject section */
		1FB092372E27BF3900FD6A8A /* Project object */ = {
			isa = PBXProject;
			attributes = {
				BuildIndependentTargetsInParallel = 1;
				LastSwiftUpdateCheck = 1600;
				LastUpgradeCheck = 1600;
				TargetAttributes = {
					1FB0923E2E27BF3900FD6A8A = {
						CreatedOnToolsVersion = 16.0;
					};
					1FB0924E2E27BF3A00FD6A8A = {
						CreatedOnToolsVersion = 16.0;
						TestTargetID = 1FB0923E2E27BF3900FD6A8A;
					};
					1FB092582E27BF3A00FD6A8A = {
						CreatedOnToolsVersion = 16.0;
						TestTargetID = 1FB0923E2E27BF3900FD6A8A;
					};
				};
			};
			buildConfigurationList = 1FB0923A2E27BF3900FD6A8A /* Build configuration list for PBXProject "TheekKaro" */;
			developmentRegion = en;
			hasScannedForEncodings = 0;
			knownRegions = (
				en,
				Base,
			);
			mainGroup = 1FB092362E27BF3900FD6A8A;
			minimizedProjectReferenceProxies = 1;
			preferredProjectObjectVersion = 77;
			productRefGroup = 1FB092402E27BF3900FD6A8A /* Products */;
			projectDirPath = "";
			projectRoot = "";
			targets = (
				1FB0923E2E27BF3900FD6A8A /* TheekKaro */,
				1FB0924E2E27BF3A00FD6A8A /* TheekKaroTests */,
				1FB092582E27BF3A00FD6A8A /* TheekKaroUITests */,
			);
		};
/* End PBXProject section */

/* Begin PBXResourcesBuildPhase section */
		1FB0923D2E27BF3900FD6A8A /* Resources */ = {
			isa = PBXResourcesBuildPhase;
			buildActionMask = 2147483647;
			files = (
			);
			runOnlyForDeploymentPostprocessing = 0;
		};
		1FB0924D2E27BF3A00FD6A8A /* Resources */ = {
			isa = PBXResourcesBuildPhase;
			buildActionMask = 2147483647;
			files = (
			);
			runOnlyForDeploymentPostprocessing = 0;
		};
		1FB092572E27BF3A00FD6A8A /* Resources */ = {
			isa = PBXResourcesBuildPhase;
			buildActionMask = 2147483647;
			files = (
			);
			runOnlyForDeploymentPostprocessing = 0;
		};
/* End PBXResourcesBuildPhase section */

/* Begin PBXSourcesBuildPhase section */
		1FB0923B2E27BF3900FD6A8A /* Sources */ = {
			isa = PBXSourcesBuildPhase;
			buildActionMask = 2147483647;
			files = (
			);
			runOnlyForDeploymentPostprocessing = 0;
		};
		1FB0924B2E27BF3A00FD6A8A /* Sources */ = {
			isa = PBXSourcesBuildPhase;
			buildActionMask = 2147483647;
			files = (
			);
			runOnlyForDeploymentPostprocessing = 0;
		};
		1FB092552E27BF3A00FD6A8A /* Sources */ = {
			isa = PBXSourcesBuildPhase;
			buildActionMask = 2147483647;
			files = (
			);
			runOnlyForDeploymentPostprocessing = 0;
		};
/* End PBXSourcesBuildPhase section */

/* Begin PBXTargetDependency section */
		1FB092512E27BF3A00FD6A8A /* PBXTargetDependency */ = {
			isa = PBXTargetDependency;
			target = 1FB0923E2E27BF3900FD6A8A /* TheekKaro */;
			targetProxy = 1FB092502E27BF3A00FD6A8A /* PBXContainerItemProxy */;
		};
		1FB0925B2E27BF3A00FD6A8A /* PBXTargetDependency */ = {
			isa = PBXTargetDependency;
			target = 1FB0923E2E27BF3900FD6A8A /* TheekKaro */;
			targetProxy = 1FB0925A2E27BF3A00FD6A8A /* PBXContainerItemProxy */;
		};
/* End PBXTargetDependency section */

/* Begin XCBuildConfiguration section */
		1FB092612E27BF3A00FD6A8A /* Debug */ = {
			isa = XCBuildConfiguration;
			buildSettings = {
				ALWAYS_SEARCH_USER_PATHS = NO;
				ASSETCATALOG_COMPILER_GENERATE_SWIFT_ASSET_SYMBOL_EXTENSIONS = YES;
				CLANG_ANALYZER_NONNULL = YES;
				CLANG_ANALYZER_NUMBER_OBJECT_CONVERSION = YES_AGGRESSIVE;
				CLANG_CXX_LANGUAGE_STANDARD = "gnu++20";
				CLANG_ENABLE_MODULES = YES;
				CLANG_ENABLE_OBJC_ARC = YES;
				CLANG_ENABLE_OBJC_WEAK = YES;
				CLANG_WARN_BLOCK_CAPTURE_AUTORELEASING = YES;
				CLANG_WARN_BOOL_CONVERSION = YES;
				CLANG_WARN_COMMA = YES;
				CLANG_WARN_CONSTANT_CONVERSION = YES;
				CLANG_WARN_DEPRECATED_OBJC_IMPLEMENTATIONS = YES;
				CLANG_WARN_DIRECT_OBJC_ISA_USAGE = YES_ERROR;
				CLANG_WARN_DOCUMENTATION_COMMENTS = YES;
				CLANG_WARN_EMPTY_BODY = YES;
				CLANG_WARN_ENUM_CONVERSION = YES;
				CLANG_WARN_INFINITE_RECURSION = YES;
				CLANG_WARN_INT_CONVERSION = YES;
				CLANG_WARN_NON_LITERAL_NULL_CONVERSION = YES;
				CLANG_WARN_OBJC_IMPLICIT_RETAIN_SELF = YES;
				CLANG_WARN_OBJC_LITERAL_CONVERSION = YES;
				CLANG_WARN_OBJC_ROOT_CLASS = YES_ERROR;
				CLANG_WARN_QUOTED_INCLUDE_IN_FRAMEWORK_HEADER = YES;
				CLANG_WARN_RANGE_LOOP_ANALYSIS = YES;
				CLANG_WARN_STRICT_PROTOTYPES = YES;
				CLANG_WARN_SUSPICIOUS_MOVE = YES;
				CLANG_WARN_UNGUARDED_AVAILABILITY = YES_AGGRESSIVE;
				CLANG_WARN_UNREACHABLE_CODE = YES;
				CLANG_WARN__DUPLICATE_METHOD_MATCH = YES;
				COPY_PHASE_STRIP = NO;
				DEBUG_INFORMATION_FORMAT = dwarf;
				ENABLE_STRICT_OBJC_MSGSEND = YES;
				ENABLE_TESTABILITY = YES;
				ENABLE_USER_SCRIPT_SANDBOXING = YES;
				GCC_C_LANGUAGE_STANDARD = gnu17;
				GCC_DYNAMIC_NO_PIC = NO;
				GCC_NO_COMMON_BLOCKS = YES;
				GCC_OPTIMIZATION_LEVEL = 0;
				GCC_PREPROCESSOR_DEFINITIONS = (
					"DEBUG=1",
					"$(inherited)",
				);
				GCC_WARN_64_TO_32_BIT_CONVERSION = YES;
				GCC_WARN_ABOUT_RETURN_TYPE = YES_ERROR;
				GCC_WARN_UNDECLARED_SELECTOR = YES;
				GCC_WARN_UNINITIALIZED_AUTOS = YES_AGGRESSIVE;
				GCC_WARN_UNUSED_FUNCTION = YES;
				GCC_WARN_UNUSED_VARIABLE = YES;
				IPHONEOS_DEPLOYMENT_TARGET = 18.0;
				LOCALIZATION_PREFERS_STRING_CATALOGS = YES;
				MTL_ENABLE_DEBUG_INFO = INCLUDE_SOURCE;
				MTL_FAST_MATH = YES;
				ONLY_ACTIVE_ARCH = YES;
				SDKROOT = iphoneos;
				SWIFT_ACTIVE_COMPILATION_CONDITIONS = "DEBUG $(inherited)";
				SWIFT_OPTIMIZATION_LEVEL = "-Onone";
			};
			name = Debug;
		};
		1FB092622E27BF3A00FD6A8A /* Release */ = {
			isa = XCBuildConfiguration;
			buildSettings = {
				ALWAYS_SEARCH_USER_PATHS = NO;
				ASSETCATALOG_COMPILER_GENERATE_SWIFT_ASSET_SYMBOL_EXTENSIONS = YES;
				CLANG_ANALYZER_NONNULL = YES;
				CLANG_ANALYZER_NUMBER_OBJECT_CONVERSION = YES_AGGRESSIVE;
				CLANG_CXX_LANGUAGE_STANDARD = "gnu++20";
				CLANG_ENABLE_MODULES = YES;
				CLANG_ENABLE_OBJC_ARC = YES;
				CLANG_ENABLE_OBJC_WEAK = YES;
				CLANG_WARN_BLOCK_CAPTURE_AUTORELEASING = YES;
				CLANG_WARN_BOOL_CONVERSION = YES;
				CLANG_WARN_COMMA = YES;
				CLANG_WARN_CONSTANT_CONVERSION = YES;
				CLANG_WARN_DEPRECATED_OBJC_IMPLEMENTATIONS = YES;
				CLANG_WARN_DIRECT_OBJC_ISA_USAGE = YES_ERROR;
				CLANG_WARN_DOCUMENTATION_COMMENTS = YES;
				CLANG_WARN_EMPTY_BODY = YES;
				CLANG_WARN_ENUM_CONVERSION = YES;
				CLANG_WARN_INFINITE_RECURSION = YES;
				CLANG_WARN_INT_CONVERSION = YES;
				CLANG_WARN_NON_LITERAL_NULL_CONVERSION = YES;
				CLANG_WARN_OBJC_IMPLICIT_RETAIN_SELF = YES;
				CLANG_WARN_OBJC_LITERAL_CONVERSION = YES;
				CLANG_WARN_OBJC_ROOT_CLASS = YES_ERROR;
				CLANG_WARN_QUOTED_INCLUDE_IN_FRAMEWORK_HEADER = YES;
				CLANG_WARN_RANGE_LOOP_ANALYSIS = YES;
				CLANG_WARN_STRICT_PROTOTYPES = YES;
				CLANG_WARN_SUSPICIOUS_MOVE = YES;
				CLANG_WARN_UNGUARDED_AVAILABILITY = YES_AGGRESSIVE;
				CLANG_WARN_UNREACHABLE_CODE = YES;
				CLANG_WARN__DUPLICATE_METHOD_MATCH = YES;
				COPY_PHASE_STRIP = NO;
				DEBUG_INFORMATION_FORMAT = "dwarf-with-dsym";
				ENABLE_NS_ASSERTIONS = NO;
				ENABLE_STRICT_OBJC_MSGSEND = YES;
				ENABLE_USER_SCRIPT_SANDBOXING = YES;
				GCC_C_LANGUAGE_STANDARD = gnu17;
				GCC_NO_COMMON_BLOCKS = YES;
				GCC_WARN_64_TO_32_BIT_CONVERSION = YES;
				GCC_WARN_ABOUT_RETURN_TYPE = YES_ERROR;
				GCC_WARN_UNDECLARED_SELECTOR = YES;
				GCC_WARN_UNINITIALIZED_AUTOS = YES_AGGRESSIVE;
				GCC_WARN_UNUSED_FUNCTION = YES;
				GCC_WARN_UNUSED_VARIABLE = YES;
				IPHONEOS_DEPLOYMENT_TARGET = 18.0;
				LOCALIZATION_PREFERS_STRING_CATALOGS = YES;
				MTL_ENABLE_DEBUG_INFO = NO;
				MTL_FAST_MATH = YES;
				SDKROOT = iphoneos;
				SWIFT_COMPILATION_MODE = wholemodule;
				VALIDATE_PRODUCT = YES;
			};
			name = Release;
		};
		1FB092642E27BF3A00FD6A8A /* Debug */ = {
			isa = XCBuildConfiguration;
			buildSettings = {
				ASSETCATALOG_COMPILER_APPICON_NAME = AppIcon;
				ASSETCATALOG_COMPILER_GLOBAL_ACCENT_COLOR_NAME = AccentColor;
				CODE_SIGN_IDENTITY = "Apple Development";
				CODE_SIGN_STYLE = Automatic;
				CURRENT_PROJECT_VERSION = 1;
				DEVELOPMENT_ASSET_PATHS = "\"TheekKaro/Preview Content\"";
				DEVELOPMENT_TEAM = MQ3K8ZFKDV;
				ENABLE_PREVIEWS = YES;
				GENERATE_INFOPLIST_FILE = NO;
				INFOPLIST_FILE = Info.plist;
				LD_RUNPATH_SEARCH_PATHS = (
					"$(inherited)",
					"@executable_path/Frameworks",
				);
				MARKETING_VERSION = 1.0;
				PRODUCT_BUNDLE_IDENTIFIER = Carrick.TheekKaro;
				PRODUCT_NAME = "$(TARGET_NAME)";
				PROVISIONING_PROFILE_SPECIFIER = "";
				SWIFT_EMIT_LOC_STRINGS = YES;
				SWIFT_VERSION = 5.0;
				TARGETED_DEVICE_FAMILY = "1,2";
			};
			name = Debug;
		};
		1FB092652E27BF3A00FD6A8A /* Release */ = {
			isa = XCBuildConfiguration;
			buildSettings = {
				ASSETCATALOG_COMPILER_APPICON_NAME = AppIcon;
				ASSETCATALOG_COMPILER_GLOBAL_ACCENT_COLOR_NAME = AccentColor;
				CODE_SIGN_IDENTITY = "Apple Development";
				CODE_SIGN_STYLE = Automatic;
				CURRENT_PROJECT_VERSION = 1;
				DEVELOPMENT_ASSET_PATHS = "\"TheekKaro/Preview Content\"";
				DEVELOPMENT_TEAM = MQ3K8ZFKDV;
				ENABLE_PREVIEWS = YES;
				GENERATE_INFOPLIST_FILE = NO;
				INFOPLIST_FILE = Info.plist;
				LD_RUNPATH_SEARCH_PATHS = (
					"$(inherited)",
					"@executable_path/Frameworks",
				);
				MARKETING_VERSION = 1.0;
				PRODUCT_BUNDLE_IDENTIFIER = Carrick.TheekKaro;
				PRODUCT_NAME = "$(TARGET_NAME)";
				PROVISIONING_PROFILE_SPECIFIER = "";
				SWIFT_EMIT_LOC_STRINGS = YES;
				SWIFT_VERSION = 5.0;
				TARGETED_DEVICE_FAMILY = "1,2";
			};
			name = Release;
		};
		1FB092672E27BF3A00FD6A8A /* Debug */ = {
			isa = XCBuildConfiguration;
			buildSettings = {
				BUNDLE_LOADER = "$(TEST_HOST)";
				CODE_SIGN_STYLE = Automatic;
				CURRENT_PROJECT_VERSION = 1;
				GENERATE_INFOPLIST_FILE = YES;
				IPHONEOS_DEPLOYMENT_TARGET = 18.0;
				MARKETING_VERSION = 1.0;
				PRODUCT_BUNDLE_IDENTIFIER = Carrick.TheekKaroTests;
				PRODUCT_NAME = "$(TARGET_NAME)";
				SWIFT_EMIT_LOC_STRINGS = NO;
				SWIFT_VERSION = 5.0;
				TARGETED_DEVICE_FAMILY = "1,2";
				TEST_HOST = "$(BUILT_PRODUCTS_DIR)/TheekKaro.app/$(BUNDLE_EXECUTABLE_FOLDER_PATH)/TheekKaro";
			};
			name = Debug;
		};
		1FB092682E27BF3A00FD6A8A /* Release */ = {
			isa = XCBuildConfiguration;
			buildSettings = {
				BUNDLE_LOADER = "$(TEST_HOST)";
				CODE_SIGN_STYLE = Automatic;
				CURRENT_PROJECT_VERSION = 1;
				GENERATE_INFOPLIST_FILE = YES;
				IPHONEOS_DEPLOYMENT_TARGET = 18.0;
				MARKETING_VERSION = 1.0;
				PRODUCT_BUNDLE_IDENTIFIER = Carrick.TheekKaroTests;
				PRODUCT_NAME = "$(TARGET_NAME)";
				SWIFT_EMIT_LOC_STRINGS = NO;
				SWIFT_VERSION = 5.0;
				TARGETED_DEVICE_FAMILY = "1,2";
				TEST_HOST = "$(BUILT_PRODUCTS_DIR)/TheekKaro.app/$(BUNDLE_EXECUTABLE_FOLDER_PATH)/TheekKaro";
			};
			name = Release;
		};
		1FB0926A2E27BF3A00FD6A8A /* Debug */ = {
			isa = XCBuildConfiguration;
			buildSettings = {
				CODE_SIGN_STYLE = Automatic;
				CURRENT_PROJECT_VERSION = 1;
				GENERATE_INFOPLIST_FILE = YES;
				MARKETING_VERSION = 1.0;
				PRODUCT_BUNDLE_IDENTIFIER = Carrick.TheekKaroUITests;
				PRODUCT_NAME = "$(TARGET_NAME)";
				SWIFT_EMIT_LOC_STRINGS = NO;
				SWIFT_VERSION = 5.0;
				TARGETED_DEVICE_FAMILY = "1,2";
				TEST_TARGET_NAME = TheekKaro;
			};
			name = Debug;
		};
		1FB0926B2E27BF3A00FD6A8A /* Release */ = {
			isa = XCBuildConfiguration;
			buildSettings = {
				CODE_SIGN_STYLE = Automatic;
				CURRENT_PROJECT_VERSION = 1;
				GENERATE_INFOPLIST_FILE = YES;
				MARKETING_VERSION = 1.0;
				PRODUCT_BUNDLE_IDENTIFIER = Carrick.TheekKaroUITests;
				PRODUCT_NAME = "$(TARGET_NAME)";
				SWIFT_EMIT_LOC_STRINGS = NO;
				SWIFT_VERSION = 5.0;
				TARGETED_DEVICE_FAMILY = "1,2";
				TEST_TARGET_NAME = TheekKaro;
			};
			name = Release;
		};
/* End XCBuildConfiguration section */

/* Begin XCConfigurationList section */
		1FB0923A2E27BF3900FD6A8A /* Build configuration list for PBXProject "TheekKaro" */ = {
			isa = XCConfigurationList;
			buildConfigurations = (
				1FB092612E27BF3A00FD6A8A /* Debug */,
				1FB092622E27BF3A00FD6A8A /* Release */,
			);
			defaultConfigurationIsVisible = 0;
			defaultConfigurationName = Release;
		};
		1FB092632E27BF3A00FD6A8A /* Build configuration list for PBXNativeTarget "TheekKaro" */ = {
			isa = XCConfigurationList;
			buildConfigurations = (
				1FB092642E27BF3A00FD6A8A /* Debug */,
				1FB092652E27BF3A00FD6A8A /* Release */,
			);
			defaultConfigurationIsVisible = 0;
			defaultConfigurationName = Release;
		};
		1FB092662E27BF3A00FD6A8A /* Build configuration list for PBXNativeTarget "TheekKaroTests" */ = {
			isa = XCConfigurationList;
			buildConfigurations = (
				1FB092672E27BF3A00FD6A8A /* Debug */,
				1FB092682E27BF3A00FD6A8A /* Release */,
			);
			defaultConfigurationIsVisible = 0;
			defaultConfigurationName = Release;
		};
		1FB092692E27BF3A00FD6A8A /* Build configuration list for PBXNativeTarget "TheekKaroUITests" */ = {
			isa = XCConfigurationList;
			buildConfigurations = (
				1FB0926A2E27BF3A00FD6A8A /* Debug */,
				1FB0926B2E27BF3A00FD6A8A /* Release */,
			);
			defaultConfigurationIsVisible = 0;
			defaultConfigurationName = Release;
		};
/* End XCConfigurationList section */
	};
	rootObject = 1FB092372E27BF3900FD6A8A /* Project object */;
}
